
Microsoft Visual Studio Solution File, Format Version 12.00
# Visual Studio 14
VisualStudioVersion = 14.0.25420.1
MinimumVisualStudioVersion = 10.0.40219.1
Project("{8BC9CEB8-8B4A-11D0-8D11-00A0C91BC942}") = "12840_창용이의 시계", "12840_창용이의 시계\12840_창용이의 시계.vcxproj", "{ABB44F47-37DC-488B-B8AD-EE6A14933732}"
EndProject
Project("{8BC9CEB8-8B4A-11D0-8D11-00A0C91BC942}") = "12841_정보대 등산", "12841_정보대 등산\12841_정보대 등산.vcxproj", "{B2D54E2C-0501-4761-93CD-78CD2154344D}"
EndProject
Project("{8BC9CEB8-8B4A-11D0-8D11-00A0C91BC942}") = "12845_모두의 마블", "12845_모두의 마블\12845_모두의 마블.vcxproj", "{A1355800-0ACF-45DB-A202-AE67144E274E}"
EndProject
Project("{8BC9CEB8-8B4A-11D0-8D11-00A0C91BC942}") = "12846_무서운 아르바이트", "12846_무서운 아르바이트\12846_무서운 아르바이트.vcxproj", "{54B3912E-4C47-4813-81B7-D569B2320A8A}"
EndProject
Project("{8BC9CEB8-8B4A-11D0-8D11-00A0C91BC942}") = "12847_꿀 아르바이트", "12847_꿀 아르바이트\12847_꿀 아르바이트.vcxproj", "{1A3F18AE-1693-46DF-A4C4-3861E812E138}"
EndProject
Project("{8BC9CEB8-8B4A-11D0-8D11-00A0C91BC942}") = "12842_튀김 소보루", "12842_튀김 소보루\12842_튀김 소보루.vcxproj", "{1712BA2E-230F-4C3A-9A26-D48C654EE0E2}"
EndProject
Project("{8BC9CEB8-8B4A-11D0-8D11-00A0C91BC942}") = "12850_본대 산책2", "12850_본대 산책2\12850_본대 산책2.vcxproj", "{BA110B08-971C-4B0F-8550-A69706E55A2C}"
EndProject
Project("{8BC9CEB8-8B4A-11D0-8D11-00A0C91BC942}") = "12849_본대 산책", "12849_본대 산책\12849_본대 산책.vcxproj", "{E9980BB6-9BEC-4E0F-8730-AF6F3799623B}"
EndProject
Project("{8BC9CEB8-8B4A-11D0-8D11-00A0C91BC942}") = "12848_막대기 게임", "12848_막대기 게임\12848_막대기 게임.vcxproj", "{7CF5E84E-5C14-4C02-B447-B50BB24A4DE5}"
EndProject
Global
	GlobalSection(SolutionConfigurationPlatforms) = preSolution
		Debug|x64 = Debug|x64
		Debug|x86 = Debug|x86
		Release|x64 = Release|x64
		Release|x86 = Release|x86
	EndGlobalSection
	GlobalSection(ProjectConfigurationPlatforms) = postSolution
		{ABB44F47-37DC-488B-B8AD-EE6A14933732}.Debug|x64.ActiveCfg = Debug|x64
		{ABB44F47-37DC-488B-B8AD-EE6A14933732}.Debug|x64.Build.0 = Debug|x64
		{ABB44F47-37DC-488B-B8AD-EE6A14933732}.Debug|x86.ActiveCfg = Debug|Win32
		{ABB44F47-37DC-488B-B8AD-EE6A14933732}.Debug|x86.Build.0 = Debug|Win32
		{ABB44F47-37DC-488B-B8AD-EE6A14933732}.Release|x64.ActiveCfg = Release|x64
		{ABB44F47-37DC-488B-B8AD-EE6A14933732}.Release|x64.Build.0 = Release|x64
		{ABB44F47-37DC-488B-B8AD-EE6A14933732}.Release|x86.ActiveCfg = Release|Win32
		{ABB44F47-37DC-488B-B8AD-EE6A14933732}.Release|x86.Build.0 = Release|Win32
		{B2D54E2C-0501-4761-93CD-78CD2154344D}.Debug|x64.ActiveCfg = Debug|x64
		{B2D54E2C-0501-4761-93CD-78CD2154344D}.Debug|x64.Build.0 = Debug|x64
		{B2D54E2C-0501-4761-93CD-78CD2154344D}.Debug|x86.ActiveCfg = Debug|Win32
		{B2D54E2C-0501-4761-93CD-78CD2154344D}.Debug|x86.Build.0 = Debug|Win32
		{B2D54E2C-0501-4761-93CD-78CD2154344D}.Release|x64.ActiveCfg = Release|x64
		{B2D54E2C-0501-4761-93CD-78CD2154344D}.Release|x64.Build.0 = Release|x64
		{B2D54E2C-0501-4761-93CD-78CD2154344D}.Release|x86.ActiveCfg = Release|Win32
		{B2D54E2C-0501-4761-93CD-78CD2154344D}.Release|x86.Build.0 = Release|Win32
		{A1355800-0ACF-45DB-A202-AE67144E274E}.Debug|x64.ActiveCfg = Debug|x64
		{A1355800-0ACF-45DB-A202-AE67144E274E}.Debug|x64.Build.0 = Debug|x64
		{A1355800-0ACF-45DB-A202-AE67144E274E}.Debug|x86.ActiveCfg = Debug|Win32
		{A1355800-0ACF-45DB-A202-AE67144E274E}.Debug|x86.Build.0 = Debug|Win32
		{A1355800-0ACF-45DB-A202-AE67144E274E}.Release|x64.ActiveCfg = Release|x64
		{A1355800-0ACF-45DB-A202-AE67144E274E}.Release|x64.Build.0 = Release|x64
		{A1355800-0ACF-45DB-A202-AE67144E274E}.Release|x86.ActiveCfg = Release|Win32
		{A1355800-0ACF-45DB-A202-AE67144E274E}.Release|x86.Build.0 = Release|Win32
		{54B3912E-4C47-4813-81B7-D569B2320A8A}.Debug|x64.ActiveCfg = Debug|x64
		{54B3912E-4C47-4813-81B7-D569B2320A8A}.Debug|x64.Build.0 = Debug|x64
		{54B3912E-4C47-4813-81B7-D569B2320A8A}.Debug|x86.ActiveCfg = Debug|Win32
		{54B3912E-4C47-4813-81B7-D569B2320A8A}.Debug|x86.Build.0 = Debug|Win32
		{54B3912E-4C47-4813-81B7-D569B2320A8A}.Release|x64.ActiveCfg = Release|x64
		{54B3912E-4C47-4813-81B7-D569B2320A8A}.Release|x64.Build.0 = Release|x64
		{54B3912E-4C47-4813-81B7-D569B2320A8A}.Release|x86.ActiveCfg = Release|Win32
		{54B3912E-4C47-4813-81B7-D569B2320A8A}.Release|x86.Build.0 = Release|Win32
		{1A3F18AE-1693-46DF-A4C4-3861E812E138}.Debug|x64.ActiveCfg = Debug|x64
		{1A3F18AE-1693-46DF-A4C4-3861E812E138}.Debug|x64.Build.0 = Debug|x64
		{1A3F18AE-1693-46DF-A4C4-3861E812E138}.Debug|x86.ActiveCfg = Debug|Win32
		{1A3F18AE-1693-46DF-A4C4-3861E812E138}.Debug|x86.Build.0 = Debug|Win32
		{1A3F18AE-1693-46DF-A4C4-3861E812E138}.Release|x64.ActiveCfg = Release|x64
		{1A3F18AE-1693-46DF-A4C4-3861E812E138}.Release|x64.Build.0 = Release|x64
		{1A3F18AE-1693-46DF-A4C4-3861E812E138}.Release|x86.ActiveCfg = Release|Win32
		{1A3F18AE-1693-46DF-A4C4-3861E812E138}.Release|x86.Build.0 = Release|Win32
		{1712BA2E-230F-4C3A-9A26-D48C654EE0E2}.Debug|x64.ActiveCfg = Debug|x64
		{1712BA2E-230F-4C3A-9A26-D48C654EE0E2}.Debug|x64.Build.0 = Debug|x64
		{1712BA2E-230F-4C3A-9A26-D48C654EE0E2}.Debug|x86.ActiveCfg = Debug|Win32
		{1712BA2E-230F-4C3A-9A26-D48C654EE0E2}.Debug|x86.Build.0 = Debug|Win32
		{1712BA2E-230F-4C3A-9A26-D48C654EE0E2}.Release|x64.ActiveCfg = Release|x64
		{1712BA2E-230F-4C3A-9A26-D48C654EE0E2}.Release|x64.Build.0 = Release|x64
		{1712BA2E-230F-4C3A-9A26-D48C654EE0E2}.Release|x86.ActiveCfg = Release|Win32
		{1712BA2E-230F-4C3A-9A26-D48C654EE0E2}.Release|x86.Build.0 = Release|Win32
		{BA110B08-971C-4B0F-8550-A69706E55A2C}.Debug|x64.ActiveCfg = Debug|x64
		{BA110B08-971C-4B0F-8550-A69706E55A2C}.Debug|x64.Build.0 = Debug|x64
		{BA110B08-971C-4B0F-8550-A69706E55A2C}.Debug|x86.ActiveCfg = Debug|Win32
		{BA110B08-971C-4B0F-8550-A69706E55A2C}.Debug|x86.Build.0 = Debug|Win32
		{BA110B08-971C-4B0F-8550-A69706E55A2C}.Release|x64.ActiveCfg = Release|x64
		{BA110B08-971C-4B0F-8550-A69706E55A2C}.Release|x64.Build.0 = Release|x64
		{BA110B08-971C-4B0F-8550-A69706E55A2C}.Release|x86.ActiveCfg = Release|Win32
		{BA110B08-971C-4B0F-8550-A69706E55A2C}.Release|x86.Build.0 = Release|Win32
		{E9980BB6-9BEC-4E0F-8730-AF6F3799623B}.Debug|x64.ActiveCfg = Debug|x64
		{E9980BB6-9BEC-4E0F-8730-AF6F3799623B}.Debug|x64.Build.0 = Debug|x64
		{E9980BB6-9BEC-4E0F-8730-AF6F3799623B}.Debug|x86.ActiveCfg = Debug|Win32
		{E9980BB6-9BEC-4E0F-8730-AF6F3799623B}.Debug|x86.Build.0 = Debug|Win32
		{E9980BB6-9BEC-4E0F-8730-AF6F3799623B}.Release|x64.ActiveCfg = Release|x64
		{E9980BB6-9BEC-4E0F-8730-AF6F3799623B}.Release|x64.Build.0 = Release|x64
		{E9980BB6-9BEC-4E0F-8730-AF6F3799623B}.Release|x86.ActiveCfg = Release|Win32
		{E9980BB6-9BEC-4E0F-8730-AF6F3799623B}.Release|x86.Build.0 = Release|Win32
		{7CF5E84E-5C14-4C02-B447-B50BB24A4DE5}.Debug|x64.ActiveCfg = Debug|x64
		{7CF5E84E-5C14-4C02-B447-B50BB24A4DE5}.Debug|x64.Build.0 = Debug|x64
		{7CF5E84E-5C14-4C02-B447-B50BB24A4DE5}.Debug|x86.ActiveCfg = Debug|Win32
		{7CF5E84E-5C14-4C02-B447-B50BB24A4DE5}.Debug|x86.Build.0 = Debug|Win32
		{7CF5E84E-5C14-4C02-B447-B50BB24A4DE5}.Release|x64.ActiveCfg = Release|x64
		{7CF5E84E-5C14-4C02-B447-B50BB24A4DE5}.Release|x64.Build.0 = Release|x64
		{7CF5E84E-5C14-4C02-B447-B50BB24A4DE5}.Release|x86.ActiveCfg = Release|Win32
		{7CF5E84E-5C14-4C02-B447-B50BB24A4DE5}.Release|x86.Build.0 = Release|Win32
	EndGlobalSection
	GlobalSection(SolutionProperties) = preSolution
		HideSolutionNode = FALSE
	EndGlobalSection
EndGlobal
