
Microsoft Visual Studio Solution File, Format Version 12.00
# Visual Studio 14
VisualStudioVersion = 14.0.25420.1
MinimumVisualStudioVersion = 10.0.40219.1
Project("{8BC9CEB8-8B4A-11D0-8D11-00A0C91BC942}") = "2109 - 순회강연", "2109 - 순회강연\2109 - 순회강연.vcxproj", "{25982E11-85D0-43FC-AD32-776E079B188A}"
EndProject
Project("{8BC9CEB8-8B4A-11D0-8D11-00A0C91BC942}") = "1758 - 알바강호", "1758 - 알바강호\1758 - 알바강호.vcxproj", "{5C85B650-E574-4FDA-95D0-5017BA6CE4CC}"
EndProject
Project("{8BC9CEB8-8B4A-11D0-8D11-00A0C91BC942}") = "1085 - 직사각형에서 탈출", "1085 - 직사각형에서 탈출\1085 - 직사각형에서 탈출.vcxproj", "{4720D824-778C-491A-B29B-7EE896B23F23}"
EndProject
Project("{8BC9CEB8-8B4A-11D0-8D11-00A0C91BC942}") = "2581 - 소수", "2581 - 소수\2581 - 소수.vcxproj", "{ED8DBC57-4E19-49E4-848A-CCD80EDCBE3F}"
EndProject
Project("{8BC9CEB8-8B4A-11D0-8D11-00A0C91BC942}") = "2774 - 아름다운 수", "2774 - 아름다운 수\2774 - 아름다운 수.vcxproj", "{15149875-790F-4123-B089-AEC4CA1B5859}"
EndProject
Project("{8BC9CEB8-8B4A-11D0-8D11-00A0C91BC942}") = "2775 - 부녀회장이 될테야", "2775 - 부녀회장이 될테야\2775 - 부녀회장이 될테야.vcxproj", "{F97556F1-7C10-40DD-8017-1B92A774550E}"
EndProject
Project("{8BC9CEB8-8B4A-11D0-8D11-00A0C91BC942}") = "2776 - 암기왕", "2776 - 암기왕\2776 - 암기왕.vcxproj", "{E2C3AE17-11DF-4E60-8F35-0F7CE25B7560}"
EndProject
Project("{8BC9CEB8-8B4A-11D0-8D11-00A0C91BC942}") = "2778 - 측량사 지윤", "2778 - 측량사 지윤\2778 - 측량사 지윤.vcxproj", "{74EBFC12-CCD5-4534-B9A9-EFF875BE7879}"
EndProject
Project("{8BC9CEB8-8B4A-11D0-8D11-00A0C91BC942}") = "1026 - 보물", "1026 - 보물\1026 - 보물.vcxproj", "{0218A1F9-0008-4655-9C09-6C7D4988F9E2}"
EndProject
Project("{8BC9CEB8-8B4A-11D0-8D11-00A0C91BC942}") = "1037 - 약수", "1037 - 약수\1037 - 약수.vcxproj", "{925E94DD-779A-4D36-885C-A243C4101A86}"
EndProject
Project("{8BC9CEB8-8B4A-11D0-8D11-00A0C91BC942}") = "1934 - 최소공배수", "1934 - 최소공배수\1934 - 최소공배수.vcxproj", "{2FDF8AFC-6FC0-402E-8BF6-9EE8F2566B23}"
EndProject
Project("{8BC9CEB8-8B4A-11D0-8D11-00A0C91BC942}") = "1212 - 8진수 2진수", "1212 - 8진수 2진수\1212 - 8진수 2진수.vcxproj", "{A34EA97A-6B3F-446B-AE83-198CEC45F79F}"
EndProject
Project("{8BC9CEB8-8B4A-11D0-8D11-00A0C91BC942}") = "1157 - 단어공부", "1157 - 단어공부\1157 - 단어공부.vcxproj", "{20DE81F7-751B-418E-BC4E-E05ACDDA345B}"
EndProject
Project("{8BC9CEB8-8B4A-11D0-8D11-00A0C91BC942}") = "1100 - 하얀칸", "1100 - 하얀칸\1100 - 하얀칸.vcxproj", "{EFBD1FBD-6818-46E4-B1BB-7073E3A1CAFB}"
EndProject
Project("{8BC9CEB8-8B4A-11D0-8D11-00A0C91BC942}") = "1292 - 쉽게 푸는 문제", "1292 - 쉽게 푸는 문제\1292 - 쉽게 푸는 문제.vcxproj", "{404FCB29-2A2B-4CDC-AD0D-54BDDA605B45}"
EndProject
Project("{8BC9CEB8-8B4A-11D0-8D11-00A0C91BC942}") = "1563 - 개근상", "1563 - 개근상\1563 - 개근상.vcxproj", "{12A94708-7F81-44C8-A369-FF39A1D006BF}"
EndProject
Project("{8BC9CEB8-8B4A-11D0-8D11-00A0C91BC942}") = "1285 - 동전 뒤집기", "1285 - 동전 뒤집기\1285 - 동전 뒤집기.vcxproj", "{78E5BE68-269C-46D4-8ADA-89B42B6955A8}"
EndProject
Project("{8BC9CEB8-8B4A-11D0-8D11-00A0C91BC942}") = "4195 - 친구 네트워크 - TLE - 트라이구조", "4195 - 친구 네트워크\4195 - 친구 네트워크.vcxproj", "{2734253F-6C6C-40CF-A19F-72602DBC3EA5}"
EndProject
Project("{8BC9CEB8-8B4A-11D0-8D11-00A0C91BC942}") = "1514 - 자물쇠", "1285 - 자물쇠\1285 - 자물쇠.vcxproj", "{FBD02CA0-9F74-4F0A-92E1-69305BF79777}"
EndProject
Project("{8BC9CEB8-8B4A-11D0-8D11-00A0C91BC942}") = "1128 - 피보나치 냅색", "1128 - 피보나치 냅색\1128 - 피보나치 냅색.vcxproj", "{8CB4CA37-B491-46FC-8550-415757AA642B}"
EndProject
Project("{8BC9CEB8-8B4A-11D0-8D11-00A0C91BC942}") = "A", "A\A.vcxproj", "{0E7163EF-4A42-4368-B43B-98F92D13C4DC}"
EndProject
Project("{8BC9CEB8-8B4A-11D0-8D11-00A0C91BC942}") = "C", "C\C.vcxproj", "{B658992F-25DA-40DD-9127-5CD8967367FE}"
EndProject
Project("{8BC9CEB8-8B4A-11D0-8D11-00A0C91BC942}") = "D", "D\D.vcxproj", "{ADCFA1E1-472C-4425-A88D-01B3C4694449}"
EndProject
Global
	GlobalSection(SolutionConfigurationPlatforms) = preSolution
		Debug|x64 = Debug|x64
		Debug|x86 = Debug|x86
		Release|x64 = Release|x64
		Release|x86 = Release|x86
	EndGlobalSection
	GlobalSection(ProjectConfigurationPlatforms) = postSolution
		{25982E11-85D0-43FC-AD32-776E079B188A}.Debug|x64.ActiveCfg = Debug|x64
		{25982E11-85D0-43FC-AD32-776E079B188A}.Debug|x64.Build.0 = Debug|x64
		{25982E11-85D0-43FC-AD32-776E079B188A}.Debug|x86.ActiveCfg = Debug|Win32
		{25982E11-85D0-43FC-AD32-776E079B188A}.Debug|x86.Build.0 = Debug|Win32
		{25982E11-85D0-43FC-AD32-776E079B188A}.Release|x64.ActiveCfg = Release|x64
		{25982E11-85D0-43FC-AD32-776E079B188A}.Release|x64.Build.0 = Release|x64
		{25982E11-85D0-43FC-AD32-776E079B188A}.Release|x86.ActiveCfg = Release|Win32
		{25982E11-85D0-43FC-AD32-776E079B188A}.Release|x86.Build.0 = Release|Win32
		{5C85B650-E574-4FDA-95D0-5017BA6CE4CC}.Debug|x64.ActiveCfg = Debug|x64
		{5C85B650-E574-4FDA-95D0-5017BA6CE4CC}.Debug|x64.Build.0 = Debug|x64
		{5C85B650-E574-4FDA-95D0-5017BA6CE4CC}.Debug|x86.ActiveCfg = Debug|Win32
		{5C85B650-E574-4FDA-95D0-5017BA6CE4CC}.Debug|x86.Build.0 = Debug|Win32
		{5C85B650-E574-4FDA-95D0-5017BA6CE4CC}.Release|x64.ActiveCfg = Release|x64
		{5C85B650-E574-4FDA-95D0-5017BA6CE4CC}.Release|x64.Build.0 = Release|x64
		{5C85B650-E574-4FDA-95D0-5017BA6CE4CC}.Release|x86.ActiveCfg = Release|Win32
		{5C85B650-E574-4FDA-95D0-5017BA6CE4CC}.Release|x86.Build.0 = Release|Win32
		{4720D824-778C-491A-B29B-7EE896B23F23}.Debug|x64.ActiveCfg = Debug|x64
		{4720D824-778C-491A-B29B-7EE896B23F23}.Debug|x64.Build.0 = Debug|x64
		{4720D824-778C-491A-B29B-7EE896B23F23}.Debug|x86.ActiveCfg = Debug|Win32
		{4720D824-778C-491A-B29B-7EE896B23F23}.Debug|x86.Build.0 = Debug|Win32
		{4720D824-778C-491A-B29B-7EE896B23F23}.Release|x64.ActiveCfg = Release|x64
		{4720D824-778C-491A-B29B-7EE896B23F23}.Release|x64.Build.0 = Release|x64
		{4720D824-778C-491A-B29B-7EE896B23F23}.Release|x86.ActiveCfg = Release|Win32
		{4720D824-778C-491A-B29B-7EE896B23F23}.Release|x86.Build.0 = Release|Win32
		{ED8DBC57-4E19-49E4-848A-CCD80EDCBE3F}.Debug|x64.ActiveCfg = Debug|x64
		{ED8DBC57-4E19-49E4-848A-CCD80EDCBE3F}.Debug|x64.Build.0 = Debug|x64
		{ED8DBC57-4E19-49E4-848A-CCD80EDCBE3F}.Debug|x86.ActiveCfg = Debug|Win32
		{ED8DBC57-4E19-49E4-848A-CCD80EDCBE3F}.Debug|x86.Build.0 = Debug|Win32
		{ED8DBC57-4E19-49E4-848A-CCD80EDCBE3F}.Release|x64.ActiveCfg = Release|x64
		{ED8DBC57-4E19-49E4-848A-CCD80EDCBE3F}.Release|x64.Build.0 = Release|x64
		{ED8DBC57-4E19-49E4-848A-CCD80EDCBE3F}.Release|x86.ActiveCfg = Release|Win32
		{ED8DBC57-4E19-49E4-848A-CCD80EDCBE3F}.Release|x86.Build.0 = Release|Win32
		{15149875-790F-4123-B089-AEC4CA1B5859}.Debug|x64.ActiveCfg = Debug|x64
		{15149875-790F-4123-B089-AEC4CA1B5859}.Debug|x64.Build.0 = Debug|x64
		{15149875-790F-4123-B089-AEC4CA1B5859}.Debug|x86.ActiveCfg = Debug|Win32
		{15149875-790F-4123-B089-AEC4CA1B5859}.Debug|x86.Build.0 = Debug|Win32
		{15149875-790F-4123-B089-AEC4CA1B5859}.Release|x64.ActiveCfg = Release|x64
		{15149875-790F-4123-B089-AEC4CA1B5859}.Release|x64.Build.0 = Release|x64
		{15149875-790F-4123-B089-AEC4CA1B5859}.Release|x86.ActiveCfg = Release|Win32
		{15149875-790F-4123-B089-AEC4CA1B5859}.Release|x86.Build.0 = Release|Win32
		{F97556F1-7C10-40DD-8017-1B92A774550E}.Debug|x64.ActiveCfg = Debug|x64
		{F97556F1-7C10-40DD-8017-1B92A774550E}.Debug|x64.Build.0 = Debug|x64
		{F97556F1-7C10-40DD-8017-1B92A774550E}.Debug|x86.ActiveCfg = Debug|Win32
		{F97556F1-7C10-40DD-8017-1B92A774550E}.Debug|x86.Build.0 = Debug|Win32
		{F97556F1-7C10-40DD-8017-1B92A774550E}.Release|x64.ActiveCfg = Release|x64
		{F97556F1-7C10-40DD-8017-1B92A774550E}.Release|x64.Build.0 = Release|x64
		{F97556F1-7C10-40DD-8017-1B92A774550E}.Release|x86.ActiveCfg = Release|Win32
		{F97556F1-7C10-40DD-8017-1B92A774550E}.Release|x86.Build.0 = Release|Win32
		{E2C3AE17-11DF-4E60-8F35-0F7CE25B7560}.Debug|x64.ActiveCfg = Debug|x64
		{E2C3AE17-11DF-4E60-8F35-0F7CE25B7560}.Debug|x64.Build.0 = Debug|x64
		{E2C3AE17-11DF-4E60-8F35-0F7CE25B7560}.Debug|x86.ActiveCfg = Debug|Win32
		{E2C3AE17-11DF-4E60-8F35-0F7CE25B7560}.Debug|x86.Build.0 = Debug|Win32
		{E2C3AE17-11DF-4E60-8F35-0F7CE25B7560}.Release|x64.ActiveCfg = Release|x64
		{E2C3AE17-11DF-4E60-8F35-0F7CE25B7560}.Release|x64.Build.0 = Release|x64
		{E2C3AE17-11DF-4E60-8F35-0F7CE25B7560}.Release|x86.ActiveCfg = Release|Win32
		{E2C3AE17-11DF-4E60-8F35-0F7CE25B7560}.Release|x86.Build.0 = Release|Win32
		{74EBFC12-CCD5-4534-B9A9-EFF875BE7879}.Debug|x64.ActiveCfg = Debug|x64
		{74EBFC12-CCD5-4534-B9A9-EFF875BE7879}.Debug|x64.Build.0 = Debug|x64
		{74EBFC12-CCD5-4534-B9A9-EFF875BE7879}.Debug|x86.ActiveCfg = Debug|Win32
		{74EBFC12-CCD5-4534-B9A9-EFF875BE7879}.Debug|x86.Build.0 = Debug|Win32
		{74EBFC12-CCD5-4534-B9A9-EFF875BE7879}.Release|x64.ActiveCfg = Release|x64
		{74EBFC12-CCD5-4534-B9A9-EFF875BE7879}.Release|x64.Build.0 = Release|x64
		{74EBFC12-CCD5-4534-B9A9-EFF875BE7879}.Release|x86.ActiveCfg = Release|Win32
		{74EBFC12-CCD5-4534-B9A9-EFF875BE7879}.Release|x86.Build.0 = Release|Win32
		{0218A1F9-0008-4655-9C09-6C7D4988F9E2}.Debug|x64.ActiveCfg = Debug|x64
		{0218A1F9-0008-4655-9C09-6C7D4988F9E2}.Debug|x64.Build.0 = Debug|x64
		{0218A1F9-0008-4655-9C09-6C7D4988F9E2}.Debug|x86.ActiveCfg = Debug|Win32
		{0218A1F9-0008-4655-9C09-6C7D4988F9E2}.Debug|x86.Build.0 = Debug|Win32
		{0218A1F9-0008-4655-9C09-6C7D4988F9E2}.Release|x64.ActiveCfg = Release|x64
		{0218A1F9-0008-4655-9C09-6C7D4988F9E2}.Release|x64.Build.0 = Release|x64
		{0218A1F9-0008-4655-9C09-6C7D4988F9E2}.Release|x86.ActiveCfg = Release|Win32
		{0218A1F9-0008-4655-9C09-6C7D4988F9E2}.Release|x86.Build.0 = Release|Win32
		{925E94DD-779A-4D36-885C-A243C4101A86}.Debug|x64.ActiveCfg = Debug|x64
		{925E94DD-779A-4D36-885C-A243C4101A86}.Debug|x64.Build.0 = Debug|x64
		{925E94DD-779A-4D36-885C-A243C4101A86}.Debug|x86.ActiveCfg = Debug|Win32
		{925E94DD-779A-4D36-885C-A243C4101A86}.Debug|x86.Build.0 = Debug|Win32
		{925E94DD-779A-4D36-885C-A243C4101A86}.Release|x64.ActiveCfg = Release|x64
		{925E94DD-779A-4D36-885C-A243C4101A86}.Release|x64.Build.0 = Release|x64
		{925E94DD-779A-4D36-885C-A243C4101A86}.Release|x86.ActiveCfg = Release|Win32
		{925E94DD-779A-4D36-885C-A243C4101A86}.Release|x86.Build.0 = Release|Win32
		{2FDF8AFC-6FC0-402E-8BF6-9EE8F2566B23}.Debug|x64.ActiveCfg = Debug|x64
		{2FDF8AFC-6FC0-402E-8BF6-9EE8F2566B23}.Debug|x64.Build.0 = Debug|x64
		{2FDF8AFC-6FC0-402E-8BF6-9EE8F2566B23}.Debug|x86.ActiveCfg = Debug|Win32
		{2FDF8AFC-6FC0-402E-8BF6-9EE8F2566B23}.Debug|x86.Build.0 = Debug|Win32
		{2FDF8AFC-6FC0-402E-8BF6-9EE8F2566B23}.Release|x64.ActiveCfg = Release|x64
		{2FDF8AFC-6FC0-402E-8BF6-9EE8F2566B23}.Release|x64.Build.0 = Release|x64
		{2FDF8AFC-6FC0-402E-8BF6-9EE8F2566B23}.Release|x86.ActiveCfg = Release|Win32
		{2FDF8AFC-6FC0-402E-8BF6-9EE8F2566B23}.Release|x86.Build.0 = Release|Win32
		{A34EA97A-6B3F-446B-AE83-198CEC45F79F}.Debug|x64.ActiveCfg = Debug|x64
		{A34EA97A-6B3F-446B-AE83-198CEC45F79F}.Debug|x64.Build.0 = Debug|x64
		{A34EA97A-6B3F-446B-AE83-198CEC45F79F}.Debug|x86.ActiveCfg = Debug|Win32
		{A34EA97A-6B3F-446B-AE83-198CEC45F79F}.Debug|x86.Build.0 = Debug|Win32
		{A34EA97A-6B3F-446B-AE83-198CEC45F79F}.Release|x64.ActiveCfg = Release|x64
		{A34EA97A-6B3F-446B-AE83-198CEC45F79F}.Release|x64.Build.0 = Release|x64
		{A34EA97A-6B3F-446B-AE83-198CEC45F79F}.Release|x86.ActiveCfg = Release|Win32
		{A34EA97A-6B3F-446B-AE83-198CEC45F79F}.Release|x86.Build.0 = Release|Win32
		{20DE81F7-751B-418E-BC4E-E05ACDDA345B}.Debug|x64.ActiveCfg = Debug|x64
		{20DE81F7-751B-418E-BC4E-E05ACDDA345B}.Debug|x64.Build.0 = Debug|x64
		{20DE81F7-751B-418E-BC4E-E05ACDDA345B}.Debug|x86.ActiveCfg = Debug|Win32
		{20DE81F7-751B-418E-BC4E-E05ACDDA345B}.Debug|x86.Build.0 = Debug|Win32
		{20DE81F7-751B-418E-BC4E-E05ACDDA345B}.Release|x64.ActiveCfg = Release|x64
		{20DE81F7-751B-418E-BC4E-E05ACDDA345B}.Release|x64.Build.0 = Release|x64
		{20DE81F7-751B-418E-BC4E-E05ACDDA345B}.Release|x86.ActiveCfg = Release|Win32
		{20DE81F7-751B-418E-BC4E-E05ACDDA345B}.Release|x86.Build.0 = Release|Win32
		{EFBD1FBD-6818-46E4-B1BB-7073E3A1CAFB}.Debug|x64.ActiveCfg = Debug|x64
		{EFBD1FBD-6818-46E4-B1BB-7073E3A1CAFB}.Debug|x64.Build.0 = Debug|x64
		{EFBD1FBD-6818-46E4-B1BB-7073E3A1CAFB}.Debug|x86.ActiveCfg = Debug|Win32
		{EFBD1FBD-6818-46E4-B1BB-7073E3A1CAFB}.Debug|x86.Build.0 = Debug|Win32
		{EFBD1FBD-6818-46E4-B1BB-7073E3A1CAFB}.Release|x64.ActiveCfg = Release|x64
		{EFBD1FBD-6818-46E4-B1BB-7073E3A1CAFB}.Release|x64.Build.0 = Release|x64
		{EFBD1FBD-6818-46E4-B1BB-7073E3A1CAFB}.Release|x86.ActiveCfg = Release|Win32
		{EFBD1FBD-6818-46E4-B1BB-7073E3A1CAFB}.Release|x86.Build.0 = Release|Win32
		{404FCB29-2A2B-4CDC-AD0D-54BDDA605B45}.Debug|x64.ActiveCfg = Debug|x64
		{404FCB29-2A2B-4CDC-AD0D-54BDDA605B45}.Debug|x64.Build.0 = Debug|x64
		{404FCB29-2A2B-4CDC-AD0D-54BDDA605B45}.Debug|x86.ActiveCfg = Debug|Win32
		{404FCB29-2A2B-4CDC-AD0D-54BDDA605B45}.Debug|x86.Build.0 = Debug|Win32
		{404FCB29-2A2B-4CDC-AD0D-54BDDA605B45}.Release|x64.ActiveCfg = Release|x64
		{404FCB29-2A2B-4CDC-AD0D-54BDDA605B45}.Release|x64.Build.0 = Release|x64
		{404FCB29-2A2B-4CDC-AD0D-54BDDA605B45}.Release|x86.ActiveCfg = Release|Win32
		{404FCB29-2A2B-4CDC-AD0D-54BDDA605B45}.Release|x86.Build.0 = Release|Win32
		{12A94708-7F81-44C8-A369-FF39A1D006BF}.Debug|x64.ActiveCfg = Debug|x64
		{12A94708-7F81-44C8-A369-FF39A1D006BF}.Debug|x64.Build.0 = Debug|x64
		{12A94708-7F81-44C8-A369-FF39A1D006BF}.Debug|x86.ActiveCfg = Debug|Win32
		{12A94708-7F81-44C8-A369-FF39A1D006BF}.Debug|x86.Build.0 = Debug|Win32
		{12A94708-7F81-44C8-A369-FF39A1D006BF}.Release|x64.ActiveCfg = Release|x64
		{12A94708-7F81-44C8-A369-FF39A1D006BF}.Release|x64.Build.0 = Release|x64
		{12A94708-7F81-44C8-A369-FF39A1D006BF}.Release|x86.ActiveCfg = Release|Win32
		{12A94708-7F81-44C8-A369-FF39A1D006BF}.Release|x86.Build.0 = Release|Win32
		{78E5BE68-269C-46D4-8ADA-89B42B6955A8}.Debug|x64.ActiveCfg = Debug|x64
		{78E5BE68-269C-46D4-8ADA-89B42B6955A8}.Debug|x64.Build.0 = Debug|x64
		{78E5BE68-269C-46D4-8ADA-89B42B6955A8}.Debug|x86.ActiveCfg = Debug|Win32
		{78E5BE68-269C-46D4-8ADA-89B42B6955A8}.Debug|x86.Build.0 = Debug|Win32
		{78E5BE68-269C-46D4-8ADA-89B42B6955A8}.Release|x64.ActiveCfg = Release|x64
		{78E5BE68-269C-46D4-8ADA-89B42B6955A8}.Release|x64.Build.0 = Release|x64
		{78E5BE68-269C-46D4-8ADA-89B42B6955A8}.Release|x86.ActiveCfg = Release|Win32
		{78E5BE68-269C-46D4-8ADA-89B42B6955A8}.Release|x86.Build.0 = Release|Win32
		{2734253F-6C6C-40CF-A19F-72602DBC3EA5}.Debug|x64.ActiveCfg = Debug|x64
		{2734253F-6C6C-40CF-A19F-72602DBC3EA5}.Debug|x64.Build.0 = Debug|x64
		{2734253F-6C6C-40CF-A19F-72602DBC3EA5}.Debug|x86.ActiveCfg = Debug|Win32
		{2734253F-6C6C-40CF-A19F-72602DBC3EA5}.Debug|x86.Build.0 = Debug|Win32
		{2734253F-6C6C-40CF-A19F-72602DBC3EA5}.Release|x64.ActiveCfg = Release|x64
		{2734253F-6C6C-40CF-A19F-72602DBC3EA5}.Release|x64.Build.0 = Release|x64
		{2734253F-6C6C-40CF-A19F-72602DBC3EA5}.Release|x86.ActiveCfg = Release|Win32
		{2734253F-6C6C-40CF-A19F-72602DBC3EA5}.Release|x86.Build.0 = Release|Win32
		{FBD02CA0-9F74-4F0A-92E1-69305BF79777}.Debug|x64.ActiveCfg = Debug|x64
		{FBD02CA0-9F74-4F0A-92E1-69305BF79777}.Debug|x64.Build.0 = Debug|x64
		{FBD02CA0-9F74-4F0A-92E1-69305BF79777}.Debug|x86.ActiveCfg = Debug|Win32
		{FBD02CA0-9F74-4F0A-92E1-69305BF79777}.Debug|x86.Build.0 = Debug|Win32
		{FBD02CA0-9F74-4F0A-92E1-69305BF79777}.Release|x64.ActiveCfg = Release|x64
		{FBD02CA0-9F74-4F0A-92E1-69305BF79777}.Release|x64.Build.0 = Release|x64
		{FBD02CA0-9F74-4F0A-92E1-69305BF79777}.Release|x86.ActiveCfg = Release|Win32
		{FBD02CA0-9F74-4F0A-92E1-69305BF79777}.Release|x86.Build.0 = Release|Win32
		{8CB4CA37-B491-46FC-8550-415757AA642B}.Debug|x64.ActiveCfg = Debug|x64
		{8CB4CA37-B491-46FC-8550-415757AA642B}.Debug|x64.Build.0 = Debug|x64
		{8CB4CA37-B491-46FC-8550-415757AA642B}.Debug|x86.ActiveCfg = Debug|Win32
		{8CB4CA37-B491-46FC-8550-415757AA642B}.Debug|x86.Build.0 = Debug|Win32
		{8CB4CA37-B491-46FC-8550-415757AA642B}.Release|x64.ActiveCfg = Release|x64
		{8CB4CA37-B491-46FC-8550-415757AA642B}.Release|x64.Build.0 = Release|x64
		{8CB4CA37-B491-46FC-8550-415757AA642B}.Release|x86.ActiveCfg = Release|Win32
		{8CB4CA37-B491-46FC-8550-415757AA642B}.Release|x86.Build.0 = Release|Win32
		{0E7163EF-4A42-4368-B43B-98F92D13C4DC}.Debug|x64.ActiveCfg = Debug|x64
		{0E7163EF-4A42-4368-B43B-98F92D13C4DC}.Debug|x64.Build.0 = Debug|x64
		{0E7163EF-4A42-4368-B43B-98F92D13C4DC}.Debug|x86.ActiveCfg = Debug|Win32
		{0E7163EF-4A42-4368-B43B-98F92D13C4DC}.Debug|x86.Build.0 = Debug|Win32
		{0E7163EF-4A42-4368-B43B-98F92D13C4DC}.Release|x64.ActiveCfg = Release|x64
		{0E7163EF-4A42-4368-B43B-98F92D13C4DC}.Release|x64.Build.0 = Release|x64
		{0E7163EF-4A42-4368-B43B-98F92D13C4DC}.Release|x86.ActiveCfg = Release|Win32
		{0E7163EF-4A42-4368-B43B-98F92D13C4DC}.Release|x86.Build.0 = Release|Win32
		{B658992F-25DA-40DD-9127-5CD8967367FE}.Debug|x64.ActiveCfg = Debug|x64
		{B658992F-25DA-40DD-9127-5CD8967367FE}.Debug|x64.Build.0 = Debug|x64
		{B658992F-25DA-40DD-9127-5CD8967367FE}.Debug|x86.ActiveCfg = Debug|Win32
		{B658992F-25DA-40DD-9127-5CD8967367FE}.Debug|x86.Build.0 = Debug|Win32
		{B658992F-25DA-40DD-9127-5CD8967367FE}.Release|x64.ActiveCfg = Release|x64
		{B658992F-25DA-40DD-9127-5CD8967367FE}.Release|x64.Build.0 = Release|x64
		{B658992F-25DA-40DD-9127-5CD8967367FE}.Release|x86.ActiveCfg = Release|Win32
		{B658992F-25DA-40DD-9127-5CD8967367FE}.Release|x86.Build.0 = Release|Win32
		{ADCFA1E1-472C-4425-A88D-01B3C4694449}.Debug|x64.ActiveCfg = Debug|x64
		{ADCFA1E1-472C-4425-A88D-01B3C4694449}.Debug|x64.Build.0 = Debug|x64
		{ADCFA1E1-472C-4425-A88D-01B3C4694449}.Debug|x86.ActiveCfg = Debug|Win32
		{ADCFA1E1-472C-4425-A88D-01B3C4694449}.Debug|x86.Build.0 = Debug|Win32
		{ADCFA1E1-472C-4425-A88D-01B3C4694449}.Release|x64.ActiveCfg = Release|x64
		{ADCFA1E1-472C-4425-A88D-01B3C4694449}.Release|x64.Build.0 = Release|x64
		{ADCFA1E1-472C-4425-A88D-01B3C4694449}.Release|x86.ActiveCfg = Release|Win32
		{ADCFA1E1-472C-4425-A88D-01B3C4694449}.Release|x86.Build.0 = Release|Win32
	EndGlobalSection
	GlobalSection(SolutionProperties) = preSolution
		HideSolutionNode = FALSE
	EndGlobalSection
EndGlobal
