
Microsoft Visual Studio Solution File, Format Version 12.00
# Visual Studio 14
VisualStudioVersion = 14.0.25420.1
MinimumVisualStudioVersion = 10.0.40219.1
Project("{8BC9CEB8-8B4A-11D0-8D11-00A0C91BC942}") = "01966 - 프린터 큐", "01966 - 프린터 큐\01966 - 프린터 큐.vcxproj", "{12655F20-46E7-4D7E-9E82-6594ABF34269}"
EndProject
Project("{8BC9CEB8-8B4A-11D0-8D11-00A0C91BC942}") = "01927 - 최소 힙", "01927 - 최소 힙\01927 - 최소 힙.vcxproj", "{8D4B58BF-92AC-45BC-9073-B32A32AE0F8F}"
EndProject
Project("{8BC9CEB8-8B4A-11D0-8D11-00A0C91BC942}") = "01068 - 트리", "01068 - 트리\01068 - 트리.vcxproj", "{8FD53A26-A53E-4468-8169-B7140D290290}"
EndProject
Project("{8BC9CEB8-8B4A-11D0-8D11-00A0C91BC942}") = "01450 - 냅색문제", "01450 - 냅색문제\01450 - 냅색문제.vcxproj", "{54708514-4B36-4431-A550-920A3142666B}"
EndProject
Project("{8BC9CEB8-8B4A-11D0-8D11-00A0C91BC942}") = "01931 - 회의실배정", "01931 - 회의실배정\01931 - 회의실배정.vcxproj", "{54B97BEC-A57C-444A-A8DC-7B068D5DCCB0}"
EndProject
Project("{8BC9CEB8-8B4A-11D0-8D11-00A0C91BC942}") = "01708 - 볼록껍질", "01708 - 볼록껍질\01708 - 볼록껍질.vcxproj", "{C0BE47B3-5341-4504-8439-B5E8369AAD68}"
EndProject
Project("{8BC9CEB8-8B4A-11D0-8D11-00A0C91BC942}") = "02261 - 가장 가까운 두 점 XXX", "02261 - 가장 가까운 두 점\02261 - 가장 가까운 두 점.vcxproj", "{0207778B-77AE-491A-896D-6DBA2B56396F}"
EndProject
Project("{8BC9CEB8-8B4A-11D0-8D11-00A0C91BC942}") = "02098 - 외판원 순회", "02098 - 외판원 순회\02098 - 외판원 순회.vcxproj", "{A8219CBB-6C7E-412E-BB9A-8C9DF517AC26}"
EndProject
Global
	GlobalSection(SolutionConfigurationPlatforms) = preSolution
		Debug|x64 = Debug|x64
		Debug|x86 = Debug|x86
		Release|x64 = Release|x64
		Release|x86 = Release|x86
	EndGlobalSection
	GlobalSection(ProjectConfigurationPlatforms) = postSolution
		{12655F20-46E7-4D7E-9E82-6594ABF34269}.Debug|x64.ActiveCfg = Debug|x64
		{12655F20-46E7-4D7E-9E82-6594ABF34269}.Debug|x64.Build.0 = Debug|x64
		{12655F20-46E7-4D7E-9E82-6594ABF34269}.Debug|x86.ActiveCfg = Debug|Win32
		{12655F20-46E7-4D7E-9E82-6594ABF34269}.Debug|x86.Build.0 = Debug|Win32
		{12655F20-46E7-4D7E-9E82-6594ABF34269}.Release|x64.ActiveCfg = Release|x64
		{12655F20-46E7-4D7E-9E82-6594ABF34269}.Release|x64.Build.0 = Release|x64
		{12655F20-46E7-4D7E-9E82-6594ABF34269}.Release|x86.ActiveCfg = Release|Win32
		{12655F20-46E7-4D7E-9E82-6594ABF34269}.Release|x86.Build.0 = Release|Win32
		{8D4B58BF-92AC-45BC-9073-B32A32AE0F8F}.Debug|x64.ActiveCfg = Debug|x64
		{8D4B58BF-92AC-45BC-9073-B32A32AE0F8F}.Debug|x64.Build.0 = Debug|x64
		{8D4B58BF-92AC-45BC-9073-B32A32AE0F8F}.Debug|x86.ActiveCfg = Debug|Win32
		{8D4B58BF-92AC-45BC-9073-B32A32AE0F8F}.Debug|x86.Build.0 = Debug|Win32
		{8D4B58BF-92AC-45BC-9073-B32A32AE0F8F}.Release|x64.ActiveCfg = Release|x64
		{8D4B58BF-92AC-45BC-9073-B32A32AE0F8F}.Release|x64.Build.0 = Release|x64
		{8D4B58BF-92AC-45BC-9073-B32A32AE0F8F}.Release|x86.ActiveCfg = Release|Win32
		{8D4B58BF-92AC-45BC-9073-B32A32AE0F8F}.Release|x86.Build.0 = Release|Win32
		{8FD53A26-A53E-4468-8169-B7140D290290}.Debug|x64.ActiveCfg = Debug|x64
		{8FD53A26-A53E-4468-8169-B7140D290290}.Debug|x64.Build.0 = Debug|x64
		{8FD53A26-A53E-4468-8169-B7140D290290}.Debug|x86.ActiveCfg = Debug|Win32
		{8FD53A26-A53E-4468-8169-B7140D290290}.Debug|x86.Build.0 = Debug|Win32
		{8FD53A26-A53E-4468-8169-B7140D290290}.Release|x64.ActiveCfg = Release|x64
		{8FD53A26-A53E-4468-8169-B7140D290290}.Release|x64.Build.0 = Release|x64
		{8FD53A26-A53E-4468-8169-B7140D290290}.Release|x86.ActiveCfg = Release|Win32
		{8FD53A26-A53E-4468-8169-B7140D290290}.Release|x86.Build.0 = Release|Win32
		{54708514-4B36-4431-A550-920A3142666B}.Debug|x64.ActiveCfg = Debug|x64
		{54708514-4B36-4431-A550-920A3142666B}.Debug|x64.Build.0 = Debug|x64
		{54708514-4B36-4431-A550-920A3142666B}.Debug|x86.ActiveCfg = Debug|Win32
		{54708514-4B36-4431-A550-920A3142666B}.Debug|x86.Build.0 = Debug|Win32
		{54708514-4B36-4431-A550-920A3142666B}.Release|x64.ActiveCfg = Release|x64
		{54708514-4B36-4431-A550-920A3142666B}.Release|x64.Build.0 = Release|x64
		{54708514-4B36-4431-A550-920A3142666B}.Release|x86.ActiveCfg = Release|Win32
		{54708514-4B36-4431-A550-920A3142666B}.Release|x86.Build.0 = Release|Win32
		{54B97BEC-A57C-444A-A8DC-7B068D5DCCB0}.Debug|x64.ActiveCfg = Debug|x64
		{54B97BEC-A57C-444A-A8DC-7B068D5DCCB0}.Debug|x64.Build.0 = Debug|x64
		{54B97BEC-A57C-444A-A8DC-7B068D5DCCB0}.Debug|x86.ActiveCfg = Debug|Win32
		{54B97BEC-A57C-444A-A8DC-7B068D5DCCB0}.Debug|x86.Build.0 = Debug|Win32
		{54B97BEC-A57C-444A-A8DC-7B068D5DCCB0}.Release|x64.ActiveCfg = Release|x64
		{54B97BEC-A57C-444A-A8DC-7B068D5DCCB0}.Release|x64.Build.0 = Release|x64
		{54B97BEC-A57C-444A-A8DC-7B068D5DCCB0}.Release|x86.ActiveCfg = Release|Win32
		{54B97BEC-A57C-444A-A8DC-7B068D5DCCB0}.Release|x86.Build.0 = Release|Win32
		{C0BE47B3-5341-4504-8439-B5E8369AAD68}.Debug|x64.ActiveCfg = Debug|x64
		{C0BE47B3-5341-4504-8439-B5E8369AAD68}.Debug|x64.Build.0 = Debug|x64
		{C0BE47B3-5341-4504-8439-B5E8369AAD68}.Debug|x86.ActiveCfg = Debug|Win32
		{C0BE47B3-5341-4504-8439-B5E8369AAD68}.Debug|x86.Build.0 = Debug|Win32
		{C0BE47B3-5341-4504-8439-B5E8369AAD68}.Release|x64.ActiveCfg = Release|x64
		{C0BE47B3-5341-4504-8439-B5E8369AAD68}.Release|x64.Build.0 = Release|x64
		{C0BE47B3-5341-4504-8439-B5E8369AAD68}.Release|x86.ActiveCfg = Release|Win32
		{C0BE47B3-5341-4504-8439-B5E8369AAD68}.Release|x86.Build.0 = Release|Win32
		{0207778B-77AE-491A-896D-6DBA2B56396F}.Debug|x64.ActiveCfg = Debug|x64
		{0207778B-77AE-491A-896D-6DBA2B56396F}.Debug|x64.Build.0 = Debug|x64
		{0207778B-77AE-491A-896D-6DBA2B56396F}.Debug|x86.ActiveCfg = Debug|Win32
		{0207778B-77AE-491A-896D-6DBA2B56396F}.Debug|x86.Build.0 = Debug|Win32
		{0207778B-77AE-491A-896D-6DBA2B56396F}.Release|x64.ActiveCfg = Release|x64
		{0207778B-77AE-491A-896D-6DBA2B56396F}.Release|x64.Build.0 = Release|x64
		{0207778B-77AE-491A-896D-6DBA2B56396F}.Release|x86.ActiveCfg = Release|Win32
		{0207778B-77AE-491A-896D-6DBA2B56396F}.Release|x86.Build.0 = Release|Win32
		{A8219CBB-6C7E-412E-BB9A-8C9DF517AC26}.Debug|x64.ActiveCfg = Debug|x64
		{A8219CBB-6C7E-412E-BB9A-8C9DF517AC26}.Debug|x64.Build.0 = Debug|x64
		{A8219CBB-6C7E-412E-BB9A-8C9DF517AC26}.Debug|x86.ActiveCfg = Debug|Win32
		{A8219CBB-6C7E-412E-BB9A-8C9DF517AC26}.Debug|x86.Build.0 = Debug|Win32
		{A8219CBB-6C7E-412E-BB9A-8C9DF517AC26}.Release|x64.ActiveCfg = Release|x64
		{A8219CBB-6C7E-412E-BB9A-8C9DF517AC26}.Release|x64.Build.0 = Release|x64
		{A8219CBB-6C7E-412E-BB9A-8C9DF517AC26}.Release|x86.ActiveCfg = Release|Win32
		{A8219CBB-6C7E-412E-BB9A-8C9DF517AC26}.Release|x86.Build.0 = Release|Win32
	EndGlobalSection
	GlobalSection(SolutionProperties) = preSolution
		HideSolutionNode = FALSE
	EndGlobalSection
EndGlobal
