
Microsoft Visual Studio Solution File, Format Version 12.00
# Visual Studio 14
VisualStudioVersion = 14.0.24720.0
MinimumVisualStudioVersion = 10.0.40219.1
Project("{8BC9CEB8-8B4A-11D0-8D11-00A0C91BC942}") = "1389_케빈 베이컨의 6단계 법칙", "1389_케빈 베이컨의 6단계 법칙\1389_케빈 베이컨의 6단계 법칙.vcxproj", "{DA9EC7C4-A8D9-47F8-A153-ECBA5B8FDBA1}"
EndProject
Project("{8BC9CEB8-8B4A-11D0-8D11-00A0C91BC942}") = "10219_Meats On The Grill", "10219_Meats On The Grill\10219_Meats On The Grill.vcxproj", "{7BB70F01-21AE-4C74-9F8D-BCF598343C5E}"
EndProject
Project("{8BC9CEB8-8B4A-11D0-8D11-00A0C91BC942}") = "7576_토마토", "7576_토마토\7576_토마토.vcxproj", "{96DF0B1C-D597-4F9C-83DE-70C243D82A4F}"
EndProject
Project("{8BC9CEB8-8B4A-11D0-8D11-00A0C91BC942}") = "10809_알파벳 찾기", "10809_알파벳 찾기\10809_알파벳 찾기.vcxproj", "{ACDE4ABD-155D-4082-A032-F2C9FD370940}"
EndProject
Project("{8BC9CEB8-8B4A-11D0-8D11-00A0C91BC942}") = "1260_DFS와 BFS", "1260_DFS와 BFS\1260_DFS와 BFS.vcxproj", "{3BF74416-390E-4B99-AC9C-A35FA221B61E}"
EndProject
Project("{8BC9CEB8-8B4A-11D0-8D11-00A0C91BC942}") = "1978_소수 찾기", "1978_소수 찾기\1978_소수 찾기.vcxproj", "{20C76A8F-E894-4418-A0B0-E6D7E120BE67}"
EndProject
Project("{8BC9CEB8-8B4A-11D0-8D11-00A0C91BC942}") = "2455_지능형 기차", "2455_지능형 기차\2455_지능형 기차.vcxproj", "{13E1CB2D-7EAD-4999-A03C-338A5449F83E}"
EndProject
Project("{8BC9CEB8-8B4A-11D0-8D11-00A0C91BC942}") = "10953_ A+B - 6", "10953_ A+B - 6\10953_ A+B - 6.vcxproj", "{CCCD7C91-5FAF-4F24-8973-7A99511402FF}"
EndProject
Global
	GlobalSection(SolutionConfigurationPlatforms) = preSolution
		Debug|x64 = Debug|x64
		Debug|x86 = Debug|x86
		Release|x64 = Release|x64
		Release|x86 = Release|x86
	EndGlobalSection
	GlobalSection(ProjectConfigurationPlatforms) = postSolution
		{DA9EC7C4-A8D9-47F8-A153-ECBA5B8FDBA1}.Debug|x64.ActiveCfg = Debug|x64
		{DA9EC7C4-A8D9-47F8-A153-ECBA5B8FDBA1}.Debug|x64.Build.0 = Debug|x64
		{DA9EC7C4-A8D9-47F8-A153-ECBA5B8FDBA1}.Debug|x86.ActiveCfg = Debug|Win32
		{DA9EC7C4-A8D9-47F8-A153-ECBA5B8FDBA1}.Debug|x86.Build.0 = Debug|Win32
		{DA9EC7C4-A8D9-47F8-A153-ECBA5B8FDBA1}.Release|x64.ActiveCfg = Release|x64
		{DA9EC7C4-A8D9-47F8-A153-ECBA5B8FDBA1}.Release|x64.Build.0 = Release|x64
		{DA9EC7C4-A8D9-47F8-A153-ECBA5B8FDBA1}.Release|x86.ActiveCfg = Release|Win32
		{DA9EC7C4-A8D9-47F8-A153-ECBA5B8FDBA1}.Release|x86.Build.0 = Release|Win32
		{7BB70F01-21AE-4C74-9F8D-BCF598343C5E}.Debug|x64.ActiveCfg = Debug|x64
		{7BB70F01-21AE-4C74-9F8D-BCF598343C5E}.Debug|x64.Build.0 = Debug|x64
		{7BB70F01-21AE-4C74-9F8D-BCF598343C5E}.Debug|x86.ActiveCfg = Debug|Win32
		{7BB70F01-21AE-4C74-9F8D-BCF598343C5E}.Debug|x86.Build.0 = Debug|Win32
		{7BB70F01-21AE-4C74-9F8D-BCF598343C5E}.Release|x64.ActiveCfg = Release|x64
		{7BB70F01-21AE-4C74-9F8D-BCF598343C5E}.Release|x64.Build.0 = Release|x64
		{7BB70F01-21AE-4C74-9F8D-BCF598343C5E}.Release|x86.ActiveCfg = Release|Win32
		{7BB70F01-21AE-4C74-9F8D-BCF598343C5E}.Release|x86.Build.0 = Release|Win32
		{96DF0B1C-D597-4F9C-83DE-70C243D82A4F}.Debug|x64.ActiveCfg = Debug|x64
		{96DF0B1C-D597-4F9C-83DE-70C243D82A4F}.Debug|x64.Build.0 = Debug|x64
		{96DF0B1C-D597-4F9C-83DE-70C243D82A4F}.Debug|x86.ActiveCfg = Debug|Win32
		{96DF0B1C-D597-4F9C-83DE-70C243D82A4F}.Debug|x86.Build.0 = Debug|Win32
		{96DF0B1C-D597-4F9C-83DE-70C243D82A4F}.Release|x64.ActiveCfg = Release|x64
		{96DF0B1C-D597-4F9C-83DE-70C243D82A4F}.Release|x64.Build.0 = Release|x64
		{96DF0B1C-D597-4F9C-83DE-70C243D82A4F}.Release|x86.ActiveCfg = Release|Win32
		{96DF0B1C-D597-4F9C-83DE-70C243D82A4F}.Release|x86.Build.0 = Release|Win32
		{ACDE4ABD-155D-4082-A032-F2C9FD370940}.Debug|x64.ActiveCfg = Debug|x64
		{ACDE4ABD-155D-4082-A032-F2C9FD370940}.Debug|x64.Build.0 = Debug|x64
		{ACDE4ABD-155D-4082-A032-F2C9FD370940}.Debug|x86.ActiveCfg = Debug|Win32
		{ACDE4ABD-155D-4082-A032-F2C9FD370940}.Debug|x86.Build.0 = Debug|Win32
		{ACDE4ABD-155D-4082-A032-F2C9FD370940}.Release|x64.ActiveCfg = Release|x64
		{ACDE4ABD-155D-4082-A032-F2C9FD370940}.Release|x64.Build.0 = Release|x64
		{ACDE4ABD-155D-4082-A032-F2C9FD370940}.Release|x86.ActiveCfg = Release|Win32
		{ACDE4ABD-155D-4082-A032-F2C9FD370940}.Release|x86.Build.0 = Release|Win32
		{3BF74416-390E-4B99-AC9C-A35FA221B61E}.Debug|x64.ActiveCfg = Debug|x64
		{3BF74416-390E-4B99-AC9C-A35FA221B61E}.Debug|x64.Build.0 = Debug|x64
		{3BF74416-390E-4B99-AC9C-A35FA221B61E}.Debug|x86.ActiveCfg = Debug|Win32
		{3BF74416-390E-4B99-AC9C-A35FA221B61E}.Debug|x86.Build.0 = Debug|Win32
		{3BF74416-390E-4B99-AC9C-A35FA221B61E}.Release|x64.ActiveCfg = Release|x64
		{3BF74416-390E-4B99-AC9C-A35FA221B61E}.Release|x64.Build.0 = Release|x64
		{3BF74416-390E-4B99-AC9C-A35FA221B61E}.Release|x86.ActiveCfg = Release|Win32
		{3BF74416-390E-4B99-AC9C-A35FA221B61E}.Release|x86.Build.0 = Release|Win32
		{20C76A8F-E894-4418-A0B0-E6D7E120BE67}.Debug|x64.ActiveCfg = Debug|x64
		{20C76A8F-E894-4418-A0B0-E6D7E120BE67}.Debug|x64.Build.0 = Debug|x64
		{20C76A8F-E894-4418-A0B0-E6D7E120BE67}.Debug|x86.ActiveCfg = Debug|Win32
		{20C76A8F-E894-4418-A0B0-E6D7E120BE67}.Debug|x86.Build.0 = Debug|Win32
		{20C76A8F-E894-4418-A0B0-E6D7E120BE67}.Release|x64.ActiveCfg = Release|x64
		{20C76A8F-E894-4418-A0B0-E6D7E120BE67}.Release|x64.Build.0 = Release|x64
		{20C76A8F-E894-4418-A0B0-E6D7E120BE67}.Release|x86.ActiveCfg = Release|Win32
		{20C76A8F-E894-4418-A0B0-E6D7E120BE67}.Release|x86.Build.0 = Release|Win32
		{13E1CB2D-7EAD-4999-A03C-338A5449F83E}.Debug|x64.ActiveCfg = Debug|x64
		{13E1CB2D-7EAD-4999-A03C-338A5449F83E}.Debug|x64.Build.0 = Debug|x64
		{13E1CB2D-7EAD-4999-A03C-338A5449F83E}.Debug|x86.ActiveCfg = Debug|Win32
		{13E1CB2D-7EAD-4999-A03C-338A5449F83E}.Debug|x86.Build.0 = Debug|Win32
		{13E1CB2D-7EAD-4999-A03C-338A5449F83E}.Release|x64.ActiveCfg = Release|x64
		{13E1CB2D-7EAD-4999-A03C-338A5449F83E}.Release|x64.Build.0 = Release|x64
		{13E1CB2D-7EAD-4999-A03C-338A5449F83E}.Release|x86.ActiveCfg = Release|Win32
		{13E1CB2D-7EAD-4999-A03C-338A5449F83E}.Release|x86.Build.0 = Release|Win32
		{CCCD7C91-5FAF-4F24-8973-7A99511402FF}.Debug|x64.ActiveCfg = Debug|x64
		{CCCD7C91-5FAF-4F24-8973-7A99511402FF}.Debug|x64.Build.0 = Debug|x64
		{CCCD7C91-5FAF-4F24-8973-7A99511402FF}.Debug|x86.ActiveCfg = Debug|Win32
		{CCCD7C91-5FAF-4F24-8973-7A99511402FF}.Debug|x86.Build.0 = Debug|Win32
		{CCCD7C91-5FAF-4F24-8973-7A99511402FF}.Release|x64.ActiveCfg = Release|x64
		{CCCD7C91-5FAF-4F24-8973-7A99511402FF}.Release|x64.Build.0 = Release|x64
		{CCCD7C91-5FAF-4F24-8973-7A99511402FF}.Release|x86.ActiveCfg = Release|Win32
		{CCCD7C91-5FAF-4F24-8973-7A99511402FF}.Release|x86.Build.0 = Release|Win32
	EndGlobalSection
	GlobalSection(SolutionProperties) = preSolution
		HideSolutionNode = FALSE
	EndGlobalSection
EndGlobal
