
Microsoft Visual Studio Solution File, Format Version 12.00
# Visual Studio 14
VisualStudioVersion = 14.0.25123.0
MinimumVisualStudioVersion = 10.0.40219.1
Project("{8BC9CEB8-8B4A-11D0-8D11-00A0C91BC942}") = "02636_치즈", "02636_치즈\02636_치즈.vcxproj", "{93A567AC-72F0-4611-AD3C-9EFD771813E7}"
EndProject
Project("{8BC9CEB8-8B4A-11D0-8D11-00A0C91BC942}") = "01244_스위치 켜고 끄기", "01244_스위치 켜고 끄기\01244_스위치 켜고 끄기.vcxproj", "{2202E85C-A3CB-44BD-B2F5-31BC795CA891}"
EndProject
Project("{8BC9CEB8-8B4A-11D0-8D11-00A0C91BC942}") = "02512_예산", "02512_예산\02512_예산.vcxproj", "{4561BDAF-6EA0-42D5-B4C0-BB686B08DEE8}"
EndProject
Project("{8BC9CEB8-8B4A-11D0-8D11-00A0C91BC942}") = "02667_단지번호붙이기", "02667_단지번호붙이기\02667_단지번호붙이기.vcxproj", "{19476F3C-DBE0-4B91-A124-5405DE3BE4B6}"
EndProject
Project("{8BC9CEB8-8B4A-11D0-8D11-00A0C91BC942}") = "01799_비숍", "01799_비숍\01799_비숍.vcxproj", "{AE4F1273-AACF-4888-9E08-825FD5748734}"
EndProject
Global
	GlobalSection(SolutionConfigurationPlatforms) = preSolution
		Debug|x64 = Debug|x64
		Debug|x86 = Debug|x86
		Release|x64 = Release|x64
		Release|x86 = Release|x86
	EndGlobalSection
	GlobalSection(ProjectConfigurationPlatforms) = postSolution
		{93A567AC-72F0-4611-AD3C-9EFD771813E7}.Debug|x64.ActiveCfg = Debug|x64
		{93A567AC-72F0-4611-AD3C-9EFD771813E7}.Debug|x64.Build.0 = Debug|x64
		{93A567AC-72F0-4611-AD3C-9EFD771813E7}.Debug|x86.ActiveCfg = Debug|Win32
		{93A567AC-72F0-4611-AD3C-9EFD771813E7}.Debug|x86.Build.0 = Debug|Win32
		{93A567AC-72F0-4611-AD3C-9EFD771813E7}.Release|x64.ActiveCfg = Release|x64
		{93A567AC-72F0-4611-AD3C-9EFD771813E7}.Release|x64.Build.0 = Release|x64
		{93A567AC-72F0-4611-AD3C-9EFD771813E7}.Release|x86.ActiveCfg = Release|Win32
		{93A567AC-72F0-4611-AD3C-9EFD771813E7}.Release|x86.Build.0 = Release|Win32
		{2202E85C-A3CB-44BD-B2F5-31BC795CA891}.Debug|x64.ActiveCfg = Debug|x64
		{2202E85C-A3CB-44BD-B2F5-31BC795CA891}.Debug|x64.Build.0 = Debug|x64
		{2202E85C-A3CB-44BD-B2F5-31BC795CA891}.Debug|x86.ActiveCfg = Debug|Win32
		{2202E85C-A3CB-44BD-B2F5-31BC795CA891}.Debug|x86.Build.0 = Debug|Win32
		{2202E85C-A3CB-44BD-B2F5-31BC795CA891}.Release|x64.ActiveCfg = Release|x64
		{2202E85C-A3CB-44BD-B2F5-31BC795CA891}.Release|x64.Build.0 = Release|x64
		{2202E85C-A3CB-44BD-B2F5-31BC795CA891}.Release|x86.ActiveCfg = Release|Win32
		{2202E85C-A3CB-44BD-B2F5-31BC795CA891}.Release|x86.Build.0 = Release|Win32
		{4561BDAF-6EA0-42D5-B4C0-BB686B08DEE8}.Debug|x64.ActiveCfg = Debug|x64
		{4561BDAF-6EA0-42D5-B4C0-BB686B08DEE8}.Debug|x64.Build.0 = Debug|x64
		{4561BDAF-6EA0-42D5-B4C0-BB686B08DEE8}.Debug|x86.ActiveCfg = Debug|Win32
		{4561BDAF-6EA0-42D5-B4C0-BB686B08DEE8}.Debug|x86.Build.0 = Debug|Win32
		{4561BDAF-6EA0-42D5-B4C0-BB686B08DEE8}.Release|x64.ActiveCfg = Release|x64
		{4561BDAF-6EA0-42D5-B4C0-BB686B08DEE8}.Release|x64.Build.0 = Release|x64
		{4561BDAF-6EA0-42D5-B4C0-BB686B08DEE8}.Release|x86.ActiveCfg = Release|Win32
		{4561BDAF-6EA0-42D5-B4C0-BB686B08DEE8}.Release|x86.Build.0 = Release|Win32
		{19476F3C-DBE0-4B91-A124-5405DE3BE4B6}.Debug|x64.ActiveCfg = Debug|x64
		{19476F3C-DBE0-4B91-A124-5405DE3BE4B6}.Debug|x64.Build.0 = Debug|x64
		{19476F3C-DBE0-4B91-A124-5405DE3BE4B6}.Debug|x86.ActiveCfg = Debug|Win32
		{19476F3C-DBE0-4B91-A124-5405DE3BE4B6}.Debug|x86.Build.0 = Debug|Win32
		{19476F3C-DBE0-4B91-A124-5405DE3BE4B6}.Release|x64.ActiveCfg = Release|x64
		{19476F3C-DBE0-4B91-A124-5405DE3BE4B6}.Release|x64.Build.0 = Release|x64
		{19476F3C-DBE0-4B91-A124-5405DE3BE4B6}.Release|x86.ActiveCfg = Release|Win32
		{19476F3C-DBE0-4B91-A124-5405DE3BE4B6}.Release|x86.Build.0 = Release|Win32
		{AE4F1273-AACF-4888-9E08-825FD5748734}.Debug|x64.ActiveCfg = Debug|x64
		{AE4F1273-AACF-4888-9E08-825FD5748734}.Debug|x64.Build.0 = Debug|x64
		{AE4F1273-AACF-4888-9E08-825FD5748734}.Debug|x86.ActiveCfg = Debug|Win32
		{AE4F1273-AACF-4888-9E08-825FD5748734}.Debug|x86.Build.0 = Debug|Win32
		{AE4F1273-AACF-4888-9E08-825FD5748734}.Release|x64.ActiveCfg = Release|x64
		{AE4F1273-AACF-4888-9E08-825FD5748734}.Release|x64.Build.0 = Release|x64
		{AE4F1273-AACF-4888-9E08-825FD5748734}.Release|x86.ActiveCfg = Release|Win32
		{AE4F1273-AACF-4888-9E08-825FD5748734}.Release|x86.Build.0 = Release|Win32
	EndGlobalSection
	GlobalSection(SolutionProperties) = preSolution
		HideSolutionNode = FALSE
	EndGlobalSection
EndGlobal
