
Microsoft Visual Studio Solution File, Format Version 12.00
# Visual Studio 14
VisualStudioVersion = 14.0.25420.1
MinimumVisualStudioVersion = 10.0.40219.1
Project("{8BC9CEB8-8B4A-11D0-8D11-00A0C91BC942}") = "02167 - 2차원 배열의 합", "02167 - 2차원 배열의 합\02167 - 2차원 배열의 합.vcxproj", "{714931C1-07A6-4FE5-8A11-5069FD47A23B}"
EndProject
Project("{8BC9CEB8-8B4A-11D0-8D11-00A0C91BC942}") = "01932 - 숫자삼각형", "01932 - 숫자삼각형\01932 - 숫자삼각형.vcxproj", "{E3BE3108-2DE9-4FB7-A55D-CEBF561A6601}"
EndProject
Project("{8BC9CEB8-8B4A-11D0-8D11-00A0C91BC942}") = "01965 - 상자넣기", "01965 - 상자넣기\01965 - 상자넣기.vcxproj", "{F20D9962-40CE-4C51-B8CC-AA91D770F882}"
EndProject
Project("{8BC9CEB8-8B4A-11D0-8D11-00A0C91BC942}") = "09084 - 동전", "09084 - 동전\09084 - 동전.vcxproj", "{ED3EE518-E0F3-459A-9A1F-8864D8FCC338}"
EndProject
Project("{8BC9CEB8-8B4A-11D0-8D11-00A0C91BC942}") = "02666 - 벽장문의 이동", "02666 - 벽장문의 이동\02666 - 벽장문의 이동.vcxproj", "{41F22A4A-948B-4544-B5F3-D0C7DBAC40DC}"
EndProject
Project("{8BC9CEB8-8B4A-11D0-8D11-00A0C91BC942}") = "11051 - 이항 계수 2", "11051 - 이항 계수 2\11051 - 이항 계수 2.vcxproj", "{AB1B6421-0087-4342-B134-490D939D6F07}"
EndProject
Project("{8BC9CEB8-8B4A-11D0-8D11-00A0C91BC942}") = "F 02618 - 경찰차", "02618 - 경찰차\02618 - 경찰차.vcxproj", "{25CB2F69-08C0-4FCB-9D50-30417A36298D}"
EndProject
Project("{8BC9CEB8-8B4A-11D0-8D11-00A0C91BC942}") = "01947 - 선물 전달", "01947 - 선물 전달\01947 - 선물 전달.vcxproj", "{992DAB0B-038A-4CBE-AE29-F7FDD7DFF7ED}"
EndProject
Project("{8BC9CEB8-8B4A-11D0-8D11-00A0C91BC942}") = "02718 - 타일 채우기", "02718 - 타일 채우기\02718 - 타일 채우기.vcxproj", "{A4E2B2D6-5081-4D07-A133-E9119295AF22}"
EndProject
Project("{8BC9CEB8-8B4A-11D0-8D11-00A0C91BC942}") = "01727 - 커플 만들기", "01727 - 커플 만들기\01727 - 커플 만들기.vcxproj", "{33F1FFCB-36B4-49AB-8123-1CAA918D1F43}"
EndProject
Project("{8BC9CEB8-8B4A-11D0-8D11-00A0C91BC942}") = "08984 - 막대기", "08984 - 막대기\08984 - 막대기.vcxproj", "{BA10C249-DD2B-44E5-A5E7-B2D6EE569194}"
EndProject
Global
	GlobalSection(SolutionConfigurationPlatforms) = preSolution
		Debug|x64 = Debug|x64
		Debug|x86 = Debug|x86
		Release|x64 = Release|x64
		Release|x86 = Release|x86
	EndGlobalSection
	GlobalSection(ProjectConfigurationPlatforms) = postSolution
		{714931C1-07A6-4FE5-8A11-5069FD47A23B}.Debug|x64.ActiveCfg = Debug|x64
		{714931C1-07A6-4FE5-8A11-5069FD47A23B}.Debug|x64.Build.0 = Debug|x64
		{714931C1-07A6-4FE5-8A11-5069FD47A23B}.Debug|x86.ActiveCfg = Debug|Win32
		{714931C1-07A6-4FE5-8A11-5069FD47A23B}.Debug|x86.Build.0 = Debug|Win32
		{714931C1-07A6-4FE5-8A11-5069FD47A23B}.Release|x64.ActiveCfg = Release|x64
		{714931C1-07A6-4FE5-8A11-5069FD47A23B}.Release|x64.Build.0 = Release|x64
		{714931C1-07A6-4FE5-8A11-5069FD47A23B}.Release|x86.ActiveCfg = Release|Win32
		{714931C1-07A6-4FE5-8A11-5069FD47A23B}.Release|x86.Build.0 = Release|Win32
		{E3BE3108-2DE9-4FB7-A55D-CEBF561A6601}.Debug|x64.ActiveCfg = Debug|x64
		{E3BE3108-2DE9-4FB7-A55D-CEBF561A6601}.Debug|x64.Build.0 = Debug|x64
		{E3BE3108-2DE9-4FB7-A55D-CEBF561A6601}.Debug|x86.ActiveCfg = Debug|Win32
		{E3BE3108-2DE9-4FB7-A55D-CEBF561A6601}.Debug|x86.Build.0 = Debug|Win32
		{E3BE3108-2DE9-4FB7-A55D-CEBF561A6601}.Release|x64.ActiveCfg = Release|x64
		{E3BE3108-2DE9-4FB7-A55D-CEBF561A6601}.Release|x64.Build.0 = Release|x64
		{E3BE3108-2DE9-4FB7-A55D-CEBF561A6601}.Release|x86.ActiveCfg = Release|Win32
		{E3BE3108-2DE9-4FB7-A55D-CEBF561A6601}.Release|x86.Build.0 = Release|Win32
		{F20D9962-40CE-4C51-B8CC-AA91D770F882}.Debug|x64.ActiveCfg = Debug|x64
		{F20D9962-40CE-4C51-B8CC-AA91D770F882}.Debug|x64.Build.0 = Debug|x64
		{F20D9962-40CE-4C51-B8CC-AA91D770F882}.Debug|x86.ActiveCfg = Debug|Win32
		{F20D9962-40CE-4C51-B8CC-AA91D770F882}.Debug|x86.Build.0 = Debug|Win32
		{F20D9962-40CE-4C51-B8CC-AA91D770F882}.Release|x64.ActiveCfg = Release|x64
		{F20D9962-40CE-4C51-B8CC-AA91D770F882}.Release|x64.Build.0 = Release|x64
		{F20D9962-40CE-4C51-B8CC-AA91D770F882}.Release|x86.ActiveCfg = Release|Win32
		{F20D9962-40CE-4C51-B8CC-AA91D770F882}.Release|x86.Build.0 = Release|Win32
		{ED3EE518-E0F3-459A-9A1F-8864D8FCC338}.Debug|x64.ActiveCfg = Debug|x64
		{ED3EE518-E0F3-459A-9A1F-8864D8FCC338}.Debug|x64.Build.0 = Debug|x64
		{ED3EE518-E0F3-459A-9A1F-8864D8FCC338}.Debug|x86.ActiveCfg = Debug|Win32
		{ED3EE518-E0F3-459A-9A1F-8864D8FCC338}.Debug|x86.Build.0 = Debug|Win32
		{ED3EE518-E0F3-459A-9A1F-8864D8FCC338}.Release|x64.ActiveCfg = Release|x64
		{ED3EE518-E0F3-459A-9A1F-8864D8FCC338}.Release|x64.Build.0 = Release|x64
		{ED3EE518-E0F3-459A-9A1F-8864D8FCC338}.Release|x86.ActiveCfg = Release|Win32
		{ED3EE518-E0F3-459A-9A1F-8864D8FCC338}.Release|x86.Build.0 = Release|Win32
		{41F22A4A-948B-4544-B5F3-D0C7DBAC40DC}.Debug|x64.ActiveCfg = Debug|x64
		{41F22A4A-948B-4544-B5F3-D0C7DBAC40DC}.Debug|x64.Build.0 = Debug|x64
		{41F22A4A-948B-4544-B5F3-D0C7DBAC40DC}.Debug|x86.ActiveCfg = Debug|Win32
		{41F22A4A-948B-4544-B5F3-D0C7DBAC40DC}.Debug|x86.Build.0 = Debug|Win32
		{41F22A4A-948B-4544-B5F3-D0C7DBAC40DC}.Release|x64.ActiveCfg = Release|x64
		{41F22A4A-948B-4544-B5F3-D0C7DBAC40DC}.Release|x64.Build.0 = Release|x64
		{41F22A4A-948B-4544-B5F3-D0C7DBAC40DC}.Release|x86.ActiveCfg = Release|Win32
		{41F22A4A-948B-4544-B5F3-D0C7DBAC40DC}.Release|x86.Build.0 = Release|Win32
		{AB1B6421-0087-4342-B134-490D939D6F07}.Debug|x64.ActiveCfg = Debug|x64
		{AB1B6421-0087-4342-B134-490D939D6F07}.Debug|x64.Build.0 = Debug|x64
		{AB1B6421-0087-4342-B134-490D939D6F07}.Debug|x86.ActiveCfg = Debug|Win32
		{AB1B6421-0087-4342-B134-490D939D6F07}.Debug|x86.Build.0 = Debug|Win32
		{AB1B6421-0087-4342-B134-490D939D6F07}.Release|x64.ActiveCfg = Release|x64
		{AB1B6421-0087-4342-B134-490D939D6F07}.Release|x64.Build.0 = Release|x64
		{AB1B6421-0087-4342-B134-490D939D6F07}.Release|x86.ActiveCfg = Release|Win32
		{AB1B6421-0087-4342-B134-490D939D6F07}.Release|x86.Build.0 = Release|Win32
		{25CB2F69-08C0-4FCB-9D50-30417A36298D}.Debug|x64.ActiveCfg = Debug|x64
		{25CB2F69-08C0-4FCB-9D50-30417A36298D}.Debug|x64.Build.0 = Debug|x64
		{25CB2F69-08C0-4FCB-9D50-30417A36298D}.Debug|x86.ActiveCfg = Debug|Win32
		{25CB2F69-08C0-4FCB-9D50-30417A36298D}.Debug|x86.Build.0 = Debug|Win32
		{25CB2F69-08C0-4FCB-9D50-30417A36298D}.Release|x64.ActiveCfg = Release|x64
		{25CB2F69-08C0-4FCB-9D50-30417A36298D}.Release|x64.Build.0 = Release|x64
		{25CB2F69-08C0-4FCB-9D50-30417A36298D}.Release|x86.ActiveCfg = Release|Win32
		{25CB2F69-08C0-4FCB-9D50-30417A36298D}.Release|x86.Build.0 = Release|Win32
		{992DAB0B-038A-4CBE-AE29-F7FDD7DFF7ED}.Debug|x64.ActiveCfg = Debug|x64
		{992DAB0B-038A-4CBE-AE29-F7FDD7DFF7ED}.Debug|x64.Build.0 = Debug|x64
		{992DAB0B-038A-4CBE-AE29-F7FDD7DFF7ED}.Debug|x86.ActiveCfg = Debug|Win32
		{992DAB0B-038A-4CBE-AE29-F7FDD7DFF7ED}.Debug|x86.Build.0 = Debug|Win32
		{992DAB0B-038A-4CBE-AE29-F7FDD7DFF7ED}.Release|x64.ActiveCfg = Release|x64
		{992DAB0B-038A-4CBE-AE29-F7FDD7DFF7ED}.Release|x64.Build.0 = Release|x64
		{992DAB0B-038A-4CBE-AE29-F7FDD7DFF7ED}.Release|x86.ActiveCfg = Release|Win32
		{992DAB0B-038A-4CBE-AE29-F7FDD7DFF7ED}.Release|x86.Build.0 = Release|Win32
		{A4E2B2D6-5081-4D07-A133-E9119295AF22}.Debug|x64.ActiveCfg = Debug|x64
		{A4E2B2D6-5081-4D07-A133-E9119295AF22}.Debug|x64.Build.0 = Debug|x64
		{A4E2B2D6-5081-4D07-A133-E9119295AF22}.Debug|x86.ActiveCfg = Debug|Win32
		{A4E2B2D6-5081-4D07-A133-E9119295AF22}.Debug|x86.Build.0 = Debug|Win32
		{A4E2B2D6-5081-4D07-A133-E9119295AF22}.Release|x64.ActiveCfg = Release|x64
		{A4E2B2D6-5081-4D07-A133-E9119295AF22}.Release|x64.Build.0 = Release|x64
		{A4E2B2D6-5081-4D07-A133-E9119295AF22}.Release|x86.ActiveCfg = Release|Win32
		{A4E2B2D6-5081-4D07-A133-E9119295AF22}.Release|x86.Build.0 = Release|Win32
		{33F1FFCB-36B4-49AB-8123-1CAA918D1F43}.Debug|x64.ActiveCfg = Debug|x64
		{33F1FFCB-36B4-49AB-8123-1CAA918D1F43}.Debug|x64.Build.0 = Debug|x64
		{33F1FFCB-36B4-49AB-8123-1CAA918D1F43}.Debug|x86.ActiveCfg = Debug|Win32
		{33F1FFCB-36B4-49AB-8123-1CAA918D1F43}.Debug|x86.Build.0 = Debug|Win32
		{33F1FFCB-36B4-49AB-8123-1CAA918D1F43}.Release|x64.ActiveCfg = Release|x64
		{33F1FFCB-36B4-49AB-8123-1CAA918D1F43}.Release|x64.Build.0 = Release|x64
		{33F1FFCB-36B4-49AB-8123-1CAA918D1F43}.Release|x86.ActiveCfg = Release|Win32
		{33F1FFCB-36B4-49AB-8123-1CAA918D1F43}.Release|x86.Build.0 = Release|Win32
		{BA10C249-DD2B-44E5-A5E7-B2D6EE569194}.Debug|x64.ActiveCfg = Debug|x64
		{BA10C249-DD2B-44E5-A5E7-B2D6EE569194}.Debug|x64.Build.0 = Debug|x64
		{BA10C249-DD2B-44E5-A5E7-B2D6EE569194}.Debug|x86.ActiveCfg = Debug|Win32
		{BA10C249-DD2B-44E5-A5E7-B2D6EE569194}.Debug|x86.Build.0 = Debug|Win32
		{BA10C249-DD2B-44E5-A5E7-B2D6EE569194}.Release|x64.ActiveCfg = Release|x64
		{BA10C249-DD2B-44E5-A5E7-B2D6EE569194}.Release|x64.Build.0 = Release|x64
		{BA10C249-DD2B-44E5-A5E7-B2D6EE569194}.Release|x86.ActiveCfg = Release|Win32
		{BA10C249-DD2B-44E5-A5E7-B2D6EE569194}.Release|x86.Build.0 = Release|Win32
	EndGlobalSection
	GlobalSection(SolutionProperties) = preSolution
		HideSolutionNode = FALSE
	EndGlobalSection
EndGlobal
